
Microsoft Visual Studio Solution File, Format Version 12.00
# Visual Studio Version 17
VisualStudioVersion = 17.3.32929.385
MinimumVisualStudioVersion = 10.0.40219.1
Project("{FAE04EC0-301F-11D3-BF4B-00C04F79EFBC}") = "WEB_API_App1", "WEB_API_App1.csproj", "{979D10DD-C9EE-460F-80D8-75DD4BD20D85}"
EndProject
Project("{FAE04EC0-301F-11D3-BF4B-00C04F79EFBC}") = "API_Calculator", "..\API_Calculator\API_Calculator.csproj", "{36374AD8-3EEF-47BF-9FC0-DBBD323350C3}"
EndProject
Global
	GlobalSection(SolutionConfigurationPlatforms) = preSolution
		Debug|Any CPU = Debug|Any CPU
		Release|Any CPU = Release|Any CPU
	EndGlobalSection
	GlobalSection(ProjectConfigurationPlatforms) = postSolution
		{979D10DD-C9EE-460F-80D8-75DD4BD20D85}.Debug|Any CPU.ActiveCfg = Debug|Any CPU
		{979D10DD-C9EE-460F-80D8-75DD4BD20D85}.Debug|Any CPU.Build.0 = Debug|Any CPU
		{979D10DD-C9EE-460F-80D8-75DD4BD20D85}.Release|Any CPU.ActiveCfg = Release|Any CPU
		{979D10DD-C9EE-460F-80D8-75DD4BD20D85}.Release|Any CPU.Build.0 = Release|Any CPU
		{36374AD8-3EEF-47BF-9FC0-DBBD323350C3}.Debug|Any CPU.ActiveCfg = Debug|Any CPU
		{36374AD8-3EEF-47BF-9FC0-DBBD323350C3}.Debug|Any CPU.Build.0 = Debug|Any CPU
		{36374AD8-3EEF-47BF-9FC0-DBBD323350C3}.Release|Any CPU.ActiveCfg = Release|Any CPU
		{36374AD8-3EEF-47BF-9FC0-DBBD323350C3}.Release|Any CPU.Build.0 = Release|Any CPU
	EndGlobalSection
	GlobalSection(SolutionProperties) = preSolution
		HideSolutionNode = FALSE
	EndGlobalSection
	GlobalSection(ExtensibilityGlobals) = postSolution
		SolutionGuid = {4FCF1BFF-05EA-4966-8B80-EB14C1ACE0EF}
	EndGlobalSection
EndGlobal
