
Microsoft Visual Studio Solution File, Format Version 12.00
# Visual Studio Version 17
VisualStudioVersion = 17.3.32929.385
MinimumVisualStudioVersion = 10.0.40219.1
Project("{9A19103F-16F7-4668-BE54-9A1E7A4F7556}") = "Practice_Project", "Practice_Project.csproj", "{50C245B9-200E-4446-BBF8-5FB46B6B23A2}"
EndProject
Project("{9A19103F-16F7-4668-BE54-9A1E7A4F7556}") = "UnitTests", "..\Some\UnitTests.csproj", "{6A6743B1-8273-4FDF-8E62-CC0AB5D50D86}"
EndProject
Global
	GlobalSection(SolutionConfigurationPlatforms) = preSolution
		Debug|Any CPU = Debug|Any CPU
		Release|Any CPU = Release|Any CPU
	EndGlobalSection
	GlobalSection(ProjectConfigurationPlatforms) = postSolution
		{50C245B9-200E-4446-BBF8-5FB46B6B23A2}.Debug|Any CPU.ActiveCfg = Debug|Any CPU
		{50C245B9-200E-4446-BBF8-5FB46B6B23A2}.Debug|Any CPU.Build.0 = Debug|Any CPU
		{50C245B9-200E-4446-BBF8-5FB46B6B23A2}.Release|Any CPU.ActiveCfg = Release|Any CPU
		{50C245B9-200E-4446-BBF8-5FB46B6B23A2}.Release|Any CPU.Build.0 = Release|Any CPU
		{6A6743B1-8273-4FDF-8E62-CC0AB5D50D86}.Debug|Any CPU.ActiveCfg = Debug|Any CPU
		{6A6743B1-8273-4FDF-8E62-CC0AB5D50D86}.Debug|Any CPU.Build.0 = Debug|Any CPU
		{6A6743B1-8273-4FDF-8E62-CC0AB5D50D86}.Release|Any CPU.ActiveCfg = Release|Any CPU
		{6A6743B1-8273-4FDF-8E62-CC0AB5D50D86}.Release|Any CPU.Build.0 = Release|Any CPU
	EndGlobalSection
	GlobalSection(SolutionProperties) = preSolution
		HideSolutionNode = FALSE
	EndGlobalSection
	GlobalSection(ExtensibilityGlobals) = postSolution
		SolutionGuid = {D07BF1DA-B51B-4681-92C1-651A83896121}
	EndGlobalSection
EndGlobal
