
Microsoft Visual Studio Solution File, Format Version 12.00
# Visual Studio Version 17
VisualStudioVersion = 17.3.32929.385
MinimumVisualStudioVersion = 10.0.40219.1
Project("{9A19103F-16F7-4668-BE54-9A1E7A4F7556}") = "Ado.NetApp", "Ado.NetApp.csproj", "{75A794BC-3B78-4E4B-A0B9-C905E957F389}"
EndProject
Project("{FAE04EC0-301F-11D3-BF4B-00C04F79EFBC}") = "Calc", "..\Calc\Calc.csproj", "{68261AF1-6E44-4686-97F0-E4CF09AA4044}"
EndProject
Global
	GlobalSection(SolutionConfigurationPlatforms) = preSolution
		Debug|Any CPU = Debug|Any CPU
		Release|Any CPU = Release|Any CPU
	EndGlobalSection
	GlobalSection(ProjectConfigurationPlatforms) = postSolution
		{75A794BC-3B78-4E4B-A0B9-C905E957F389}.Debug|Any CPU.ActiveCfg = Debug|Any CPU
		{75A794BC-3B78-4E4B-A0B9-C905E957F389}.Debug|Any CPU.Build.0 = Debug|Any CPU
		{75A794BC-3B78-4E4B-A0B9-C905E957F389}.Release|Any CPU.ActiveCfg = Release|Any CPU
		{75A794BC-3B78-4E4B-A0B9-C905E957F389}.Release|Any CPU.Build.0 = Release|Any CPU
		{68261AF1-6E44-4686-97F0-E4CF09AA4044}.Debug|Any CPU.ActiveCfg = Debug|Any CPU
		{68261AF1-6E44-4686-97F0-E4CF09AA4044}.Debug|Any CPU.Build.0 = Debug|Any CPU
		{68261AF1-6E44-4686-97F0-E4CF09AA4044}.Release|Any CPU.ActiveCfg = Release|Any CPU
		{68261AF1-6E44-4686-97F0-E4CF09AA4044}.Release|Any CPU.Build.0 = Release|Any CPU
	EndGlobalSection
	GlobalSection(SolutionProperties) = preSolution
		HideSolutionNode = FALSE
	EndGlobalSection
	GlobalSection(ExtensibilityGlobals) = postSolution
		SolutionGuid = {746E5638-9C18-41C1-8D2D-E46A45A37F38}
	EndGlobalSection
EndGlobal
