
Microsoft Visual Studio Solution File, Format Version 12.00
# Visual Studio Version 17
VisualStudioVersion = 17.3.32929.385
MinimumVisualStudioVersion = 10.0.40219.1
Project("{FAE04EC0-301F-11D3-BF4B-00C04F79EFBC}") = "WebApplicationFrameWork", "WebApplicationFrameWork.csproj", "{6FF9A88B-7EF3-4491-93ED-A88CF8C35BF1}"
EndProject
Project("{FAE04EC0-301F-11D3-BF4B-00C04F79EFBC}") = "CalcFunctions", "..\CalcFunctions\CalcFunctions.csproj", "{8D1B147E-D85D-411C-BBEE-E02F9767A22D}"
EndProject
Global
	GlobalSection(SolutionConfigurationPlatforms) = preSolution
		Debug|Any CPU = Debug|Any CPU
		Release|Any CPU = Release|Any CPU
	EndGlobalSection
	GlobalSection(ProjectConfigurationPlatforms) = postSolution
		{6FF9A88B-7EF3-4491-93ED-A88CF8C35BF1}.Debug|Any CPU.ActiveCfg = Debug|Any CPU
		{6FF9A88B-7EF3-4491-93ED-A88CF8C35BF1}.Debug|Any CPU.Build.0 = Debug|Any CPU
		{6FF9A88B-7EF3-4491-93ED-A88CF8C35BF1}.Release|Any CPU.ActiveCfg = Release|Any CPU
		{6FF9A88B-7EF3-4491-93ED-A88CF8C35BF1}.Release|Any CPU.Build.0 = Release|Any CPU
		{8D1B147E-D85D-411C-BBEE-E02F9767A22D}.Debug|Any CPU.ActiveCfg = Debug|Any CPU
		{8D1B147E-D85D-411C-BBEE-E02F9767A22D}.Debug|Any CPU.Build.0 = Debug|Any CPU
		{8D1B147E-D85D-411C-BBEE-E02F9767A22D}.Release|Any CPU.ActiveCfg = Release|Any CPU
		{8D1B147E-D85D-411C-BBEE-E02F9767A22D}.Release|Any CPU.Build.0 = Release|Any CPU
	EndGlobalSection
	GlobalSection(SolutionProperties) = preSolution
		HideSolutionNode = FALSE
	EndGlobalSection
	GlobalSection(ExtensibilityGlobals) = postSolution
		SolutionGuid = {0BD5D4AE-B16B-4D69-AFA2-C93166EB4E64}
	EndGlobalSection
EndGlobal
