
Microsoft Visual Studio Solution File, Format Version 12.00
# Visual Studio Version 17
VisualStudioVersion = 17.3.32929.385
MinimumVisualStudioVersion = 10.0.40219.1
Project("{FAE04EC0-301F-11D3-BF4B-00C04F79EFBC}") = "WebApplicationAPICore", "WebApplicationAPICore.csproj", "{D822125C-A577-469B-B2CD-0019A07D323E}"
EndProject
Project("{FAE04EC0-301F-11D3-BF4B-00C04F79EFBC}") = "Calculate", "..\Calculate\Calculate.csproj", "{6C6DACDC-F901-4929-ADB3-DD4390190138}"
EndProject
Global
	GlobalSection(SolutionConfigurationPlatforms) = preSolution
		Debug|Any CPU = Debug|Any CPU
		Release|Any CPU = Release|Any CPU
	EndGlobalSection
	GlobalSection(ProjectConfigurationPlatforms) = postSolution
		{D822125C-A577-469B-B2CD-0019A07D323E}.Debug|Any CPU.ActiveCfg = Debug|Any CPU
		{D822125C-A577-469B-B2CD-0019A07D323E}.Debug|Any CPU.Build.0 = Debug|Any CPU
		{D822125C-A577-469B-B2CD-0019A07D323E}.Release|Any CPU.ActiveCfg = Release|Any CPU
		{D822125C-A577-469B-B2CD-0019A07D323E}.Release|Any CPU.Build.0 = Release|Any CPU
		{6C6DACDC-F901-4929-ADB3-DD4390190138}.Debug|Any CPU.ActiveCfg = Debug|Any CPU
		{6C6DACDC-F901-4929-ADB3-DD4390190138}.Debug|Any CPU.Build.0 = Debug|Any CPU
		{6C6DACDC-F901-4929-ADB3-DD4390190138}.Release|Any CPU.ActiveCfg = Release|Any CPU
		{6C6DACDC-F901-4929-ADB3-DD4390190138}.Release|Any CPU.Build.0 = Release|Any CPU
	EndGlobalSection
	GlobalSection(SolutionProperties) = preSolution
		HideSolutionNode = FALSE
	EndGlobalSection
	GlobalSection(ExtensibilityGlobals) = postSolution
		SolutionGuid = {3DC03B1B-77E0-485B-839E-3733DA26F4ED}
	EndGlobalSection
EndGlobal
